
Microsoft Visual Studio Solution File, Format Version 12.00
Project("{FAE04EC0-301F-11D3-BF4B-00C04F79EFBC}") = "BusinessLogic", "BusinessLogic\BusinessLogic.csproj", "{9C8168D1-1EA3-4E48-939D-187B35B9EAF8}"
EndProject
Global
	GlobalSection(SolutionConfigurationPlatforms) = preSolution
		Debug|Any CPU = Debug|Any CPU
		Release|Any CPU = Release|Any CPU
	EndGlobalSection
	GlobalSection(ProjectConfigurationPlatforms) = postSolution
		{9C8168D1-1EA3-4E48-939D-187B35B9EAF8}.Debug|Any CPU.ActiveCfg = Debug|Any CPU
		{9C8168D1-1EA3-4E48-939D-187B35B9EAF8}.Debug|Any CPU.Build.0 = Debug|Any CPU
		{9C8168D1-1EA3-4E48-939D-187B35B9EAF8}.Release|Any CPU.ActiveCfg = Release|Any CPU
		{9C8168D1-1EA3-4E48-939D-187B35B9EAF8}.Release|Any CPU.Build.0 = Release|Any CPU
	EndGlobalSection
EndGlobal
